
Microsoft Visual Studio Solution File, Format Version 12.00
# Visual Studio Version 16
VisualStudioVersion = 16.0.32126.315
MinimumVisualStudioVersion = 10.0.40219.1
Project("{FAE04EC0-301F-11D3-BF4B-00C04F79EFBC}") = "AvatarAssignment 2MVC", "AvatarAssignment 2MVC\AvatarAssignment 2MVC.csproj", "{53DCB98F-3D1D-4D44-B6DC-E793CB3FA485}"
EndProject
Global
	GlobalSection(SolutionConfigurationPlatforms) = preSolution
		Debug|Any CPU = Debug|Any CPU
		Release|Any CPU = Release|Any CPU
	EndGlobalSection
	GlobalSection(ProjectConfigurationPlatforms) = postSolution
		{53DCB98F-3D1D-4D44-B6DC-E793CB3FA485}.Debug|Any CPU.ActiveCfg = Debug|Any CPU
		{53DCB98F-3D1D-4D44-B6DC-E793CB3FA485}.Debug|Any CPU.Build.0 = Debug|Any CPU
		{53DCB98F-3D1D-4D44-B6DC-E793CB3FA485}.Release|Any CPU.ActiveCfg = Release|Any CPU
		{53DCB98F-3D1D-4D44-B6DC-E793CB3FA485}.Release|Any CPU.Build.0 = Release|Any CPU
	EndGlobalSection
	GlobalSection(SolutionProperties) = preSolution
		HideSolutionNode = FALSE
	EndGlobalSection
	GlobalSection(ExtensibilityGlobals) = postSolution
		SolutionGuid = {1E718CA0-D04D-4386-AFB5-4D99CC047295}
	EndGlobalSection
EndGlobal
